# This file is automatically @generated by Cargo.
# It is not intended for manual editing.
version = 4

[[package]]
name = "ir_gen"
version = "0.1.0"

[[package]]
name = "lexer"
version = "0.1.0"

[[package]]
name = "linux_codegen"
version = "0.1.0"
dependencies = [
 "util_lib",
]

[[package]]
name = "main"
version = "0.1.0"
dependencies = [
 "ir_gen",
 "lexer",
 "linux_codegen",
 "parser",
 "semantic",
 "util_lib",
 "windows_codegen",
]

[[package]]
name = "parser"
version = "0.1.0"

[[package]]
name = "semantic"
version = "0.1.0"

[[package]]
name = "util_lib"
version = "0.1.0"

[[package]]
name = "windows_codegen"
version = "0.1.0"
